
Microsoft Visual Studio Solution File, Format Version 12.00
# Visual Studio Version 17
VisualStudioVersion = 17.4.33213.308
MinimumVisualStudioVersion = 10.0.40219.1
Project("{FAE04EC0-301F-11D3-BF4B-00C04F79EFBC}") = "PL", "PL\PL.csproj", "{EB4A30A0-11CD-4638-B4C5-A5403284FEA8}"
EndProject
Project("{FAE04EC0-301F-11D3-BF4B-00C04F79EFBC}") = "ML", "ML\ML.csproj", "{9608AC88-F998-4872-B2B1-769834239B10}"
EndProject
Global
	GlobalSection(SolutionConfigurationPlatforms) = preSolution
		Debug|Any CPU = Debug|Any CPU
		Release|Any CPU = Release|Any CPU
	EndGlobalSection
	GlobalSection(ProjectConfigurationPlatforms) = postSolution
		{EB4A30A0-11CD-4638-B4C5-A5403284FEA8}.Debug|Any CPU.ActiveCfg = Debug|Any CPU
		{EB4A30A0-11CD-4638-B4C5-A5403284FEA8}.Debug|Any CPU.Build.0 = Debug|Any CPU
		{EB4A30A0-11CD-4638-B4C5-A5403284FEA8}.Release|Any CPU.ActiveCfg = Release|Any CPU
		{EB4A30A0-11CD-4638-B4C5-A5403284FEA8}.Release|Any CPU.Build.0 = Release|Any CPU
		{9608AC88-F998-4872-B2B1-769834239B10}.Debug|Any CPU.ActiveCfg = Debug|Any CPU
		{9608AC88-F998-4872-B2B1-769834239B10}.Debug|Any CPU.Build.0 = Debug|Any CPU
		{9608AC88-F998-4872-B2B1-769834239B10}.Release|Any CPU.ActiveCfg = Release|Any CPU
		{9608AC88-F998-4872-B2B1-769834239B10}.Release|Any CPU.Build.0 = Release|Any CPU
	EndGlobalSection
	GlobalSection(SolutionProperties) = preSolution
		HideSolutionNode = FALSE
	EndGlobalSection
	GlobalSection(ExtensibilityGlobals) = postSolution
		SolutionGuid = {808FAB56-48D7-4A0D-B7F3-87D5B8485B38}
	EndGlobalSection
EndGlobal
